{
  "lockfile_version": "1",
  "packages": {
    "actionlint@latest": {
      "last_modified": "2026-08-01T16:34:20Z",
      "resolved": "github:NixOS/nixpkgs/a5cbcfe954791221bfffe2307f7d1a1bf61a871e#actionlint",
      "source": "devbox-search",
      "version": "1.7.12",
      "systems": {
        "aarch64-darwin": {
          "outputs": [
            {
              "name": "out",
              "path": "/nix/store/l88fm1fh4i2nv2f3nx1gsyf92g4fma0i-actionlint-1.7.12",
              "default": true
            }
          ],
          "store_path": "/nix/store/l88fm1fh4i2nv2f3nx1gsyf92g4fma0i-actionlint-1.7.12"
        },
        "aarch64-linux": {
          "outputs": [
            {
              "name": "out",
              "path": "/nix/store/ng89mfyl4bkykgnvqcnzl2pyisybhkzd-actionlint-1.7.12",
              "default": true
            }
          ],
          "store_path": "/nix/store/ng89mfyl4bkykgnvqcnzl2pyisybhkzd-actionlint-1.7.12"
        },
        "x86_64-darwin": {
          "outputs": [
            {
              "name": "out",
              "path": "/nix/store/w4rjv0ikr5r5x54w758c8ck2016nmzsx-actionlint-1.7.12",
              "default": true
            }
          ],
          "store_path": "/nix/store/w4rjv0ikr5r5x54w758c8ck2016nmzsx-actionlint-1.7.12"
        },
        "x86_64-linux": {
          "outputs": [
            {
              "name": "out",
              "path": "/nix/store/gsa888rwb1bbicfw87y6bsvbfcxcl073-actionlint-1.7.12",
              "default": true
            }
          ],
          "store_path": "/nix/store/gsa888rwb1bbicfw87y6bsvbfcxcl073-actionlint-1.7.12"
        }
      }
    },
    "bun@latest": {
      "last_modified": "2026-08-01T16:34:20Z",
      "resolved": "github:NixOS/nixpkgs/a5cbcfe954791221bfffe2307f7d1a1bf61a871e#bun",
      "source": "devbox-search",
      "version": "1.3.13",
      "systems": {
        "aarch64-darwin": {
          "outputs": [
            {
              "name": "out",
              "path": "/nix/store/0whaa9b54rwpyx2v5rps15xpckcrrfs7-bun-1.3.13",
              "default": true
            }
          ],
          "store_path": "/nix/store/0whaa9b54rwpyx2v5rps15xpckcrrfs7-bun-1.3.13"
        },
        "aarch64-linux": {
          "outputs": [
            {
              "name": "out",
              "path": "/nix/store/pm8kj4ysqkf8b53yyi3576kwd23q0x23-bun-1.3.13",
              "default": true
            }
          ],
          "store_path": "/nix/store/pm8kj4ysqkf8b53yyi3576kwd23q0x23-bun-1.3.13"
        },
        "x86_64-darwin": {
          "outputs": [
            {
              "name": "out",
              "path": "/nix/store/wn9cggwqflvqryxxb9xinl9iygndm8d9-bun-1.3.13",
              "default": true
            }
          ],
          "store_path": "/nix/store/wn9cggwqflvqryxxb9xinl9iygndm8d9-bun-1.3.13"
        },
        "x86_64-linux": {
          "outputs": [
            {
              "name": "out",
              "path": "/nix/store/sav1jc5c2axarnzif94rkm8byc6zw0kb-bun-1.3.13",
              "default": true
            }
          ],
          "store_path": "/nix/store/sav1jc5c2axarnzif94rkm8byc6zw0kb-bun-1.3.13"
        }
      }
    },
    "git@latest": {
      "last_modified": "2026-08-01T16:34:20Z",
      "resolved": "github:NixOS/nixpkgs/a5cbcfe954791221bfffe2307f7d1a1bf61a871e#git",
      "source": "devbox-search",
      "version": "2.55.0",
      "systems": {
        "aarch64-darwin": {
          "outputs": [
            {
              "name": "out",
              "path": "/nix/store/rim5n939lwjc8mah63ld1q31i6n7bvf0-git-2.55.0",
              "default": true
            },
            {
              "name": "doc",
              "path": "/nix/store/y34pxb3x3h1gyvcfvanqlfjzm0c86cb4-git-2.55.0-doc"
            }
          ],
          "store_path": "/nix/store/rim5n939lwjc8mah63ld1q31i6n7bvf0-git-2.55.0"
        },
        "aarch64-linux": {
          "outputs": [
            {
              "name": "out",
              "path": "/nix/store/v2iradivx07xjqwk2q71i57pwxw6wh4g-git-2.55.0",
              "default": true
            },
            {
              "name": "debug",
              "path": "/nix/store/nsck4ncjjmdy8c5h83yw297c7xxv64xx-git-2.55.0-debug"
            },
            {
              "name": "doc",
              "path": "/nix/store/bz8bdi34lg4w10kxs9bm93658ary5rrz-git-2.55.0-doc"
            }
          ],
          "store_path": "/nix/store/v2iradivx07xjqwk2q71i57pwxw6wh4g-git-2.55.0"
        },
        "x86_64-linux": {
          "outputs": [
            {
              "name": "out",
              "path": "/nix/store/6f0qqak4qbcrbw4f750phr88c9yhpf5s-git-2.55.0",
              "default": true
            },
            {
              "name": "debug",
              "path": "/nix/store/rwiamhfaqkns90xsalafayg01afk3pza-git-2.55.0-debug"
            },
            {
              "name": "doc",
              "path": "/nix/store/bddpyi6cgkp3v8f58i900hymgfvkyag5-git-2.55.0-doc"
            }
          ],
          "store_path": "/nix/store/6f0qqak4qbcrbw4f750phr88c9yhpf5s-git-2.55.0"
        }
      }
    },
    "github:NixOS/nixpkgs/nixpkgs-unstable": {
      "last_modified": "2026-08-13T03:55:42Z",
      "resolved": "github:NixOS/nixpkgs/6b5e5b7a6631f065bf6908986990b37d845f847f?lastModified=1786593342&narHash=sha256-smTKQXMLLStzc8zJevMCckbk3My7SvbbLmPYZUJJKW4%3D"
    },
    "imagemagick@latest": {
      "last_modified": "2026-08-08T22:24:59Z",
      "resolved": "github:NixOS/nixpkgs/fe6deff5fad4a42d0e08d2bab3f2d6c7c88f3fe5#imagemagick",
      "source": "devbox-search",
      "version": "7.1.2-29",
      "systems": {
        "aarch64-darwin": {
          "outputs": [
            {
              "name": "out",
              "path": "/nix/store/jvvvi961sb84b7dww7b7rkdgs5impi9b-imagemagick-7.1.2-29",
              "default": true
            },
            {
              "name": "dev",
              "path": "/nix/store/x7vji0ygdjrqcnmc1k8k1q6axg915z4z-imagemagick-7.1.2-29-dev"
            },
            {
              "name": "doc",
              "path": "/nix/store/ama2g32zbbqzbbk9aqdj9h5lq1srmpm1-imagemagick-7.1.2-29-doc"
            }
          ],
          "store_path": "/nix/store/jvvvi961sb84b7dww7b7rkdgs5impi9b-imagemagick-7.1.2-29"
        },
        "aarch64-linux": {
          "outputs": [
            {
              "name": "out",
              "path": "/nix/store/vxsigcxn9669mdpqgvwb8hb8rjw5mnmv-imagemagick-7.1.2-29",
              "default": true
            },
            {
              "name": "dev",
              "path": "/nix/store/wrrd0pchdyf7nqj253jxq8hh9p5ggv1s-imagemagick-7.1.2-29-dev"
            },
            {
              "name": "doc",
              "path": "/nix/store/x2fm99iq9jhm5zhn5j0m3wzqkdnfl7z4-imagemagick-7.1.2-29-doc"
            }
          ],
          "store_path": "/nix/store/vxsigcxn9669mdpqgvwb8hb8rjw5mnmv-imagemagick-7.1.2-29"
        },
        "x86_64-linux": {
          "outputs": [
            {
              "name": "out",
              "path": "/nix/store/h74lg8wfwndnf5glr171kmcshlffi7l2-imagemagick-7.1.2-29",
              "default": true
            },
            {
              "name": "dev",
              "path": "/nix/store/r30bzyikpfiywa46gwwdlpimb40cj9sd-imagemagick-7.1.2-29-dev"
            },
            {
              "name": "doc",
              "path": "/nix/store/clssvi0r5x1h77mjxgl25l269s123w9v-imagemagick-7.1.2-29-doc"
            }
          ],
          "store_path": "/nix/store/h74lg8wfwndnf5glr171kmcshlffi7l2-imagemagick-7.1.2-29"
        }
      }
    }
  }
}
